{
  "requires": true,
  "lockfileVersion": 1,
  "dependencies": {
    "@stauffenbits/box": {
      "version": "1.0.3",
      "resolved": "https://registry.npmjs.org/@stauffenbits/box/-/box-1.0.3.tgz",
      "integrity": "sha512-0pauIu9G1RI/KOXsYYIDwlHxIU7Jwp1i9JoC968XS2jH4h9KISWyBvMNfU6OCQ0k/tTpqAIr12dd9SZ7d12bIw==",
      "requires": {
        "pegjs": "*",
        "readline": "^1.3.0"
      }
    },
    "pegjs": {
      "version": "0.10.0",
      "resolved": "https://registry.npmjs.org/pegjs/-/pegjs-0.10.0.tgz",
      "integrity": "sha1-z4uvrm7d/0tafvsYUmnqr0YQ3b0="
    },
    "readline": {
      "version": "1.3.0",
      "resolved": "https://registry.npmjs.org/readline/-/readline-1.3.0.tgz",
      "integrity": "sha1-xYDXfvLPyHUrEySYBg3JeTp6wBw="
    }
  }
}
